
Microsoft Visual Studio Solution File, Format Version 12.00
# Visual Studio 15
VisualStudioVersion = 15.0.26730.16
MinimumVisualStudioVersion = 10.0.40219.1
Project("{FAE04EC0-301F-11D3-BF4B-00C04F79EFBC}") = "SecureData", "SecureData\SecureData.csproj", "{B05AC9D4-C721-49C7-959B-F5DC9B664E1D}"
EndProject
Project("{FAE04EC0-301F-11D3-BF4B-00C04F79EFBC}") = "CreateKeyHolders", "CreateKeyHolders\CreateKeyHolders.csproj", "{D6CA021F-B683-4284-B9D2-9507BADF560F}"
EndProject
Project("{FAE04EC0-301F-11D3-BF4B-00C04F79EFBC}") = "Logger", "Logger\Logger.csproj", "{DD6B87DB-B817-4530-898F-EB2FC96C5890}"
EndProject
Project("{FAE04EC0-301F-11D3-BF4B-00C04F79EFBC}") = "Data.Helpers", "Helpers\Data.Helpers.csproj", "{285C9973-862A-4BCD-B6E0-18A2D981DD97}"
EndProject
Global
	GlobalSection(SolutionConfigurationPlatforms) = preSolution
		Debug|Any CPU = Debug|Any CPU
		Release|Any CPU = Release|Any CPU
	EndGlobalSection
	GlobalSection(ProjectConfigurationPlatforms) = postSolution
		{B05AC9D4-C721-49C7-959B-F5DC9B664E1D}.Debug|Any CPU.ActiveCfg = Debug|Any CPU
		{B05AC9D4-C721-49C7-959B-F5DC9B664E1D}.Debug|Any CPU.Build.0 = Debug|Any CPU
		{B05AC9D4-C721-49C7-959B-F5DC9B664E1D}.Release|Any CPU.ActiveCfg = Release|Any CPU
		{B05AC9D4-C721-49C7-959B-F5DC9B664E1D}.Release|Any CPU.Build.0 = Release|Any CPU
		{D6CA021F-B683-4284-B9D2-9507BADF560F}.Debug|Any CPU.ActiveCfg = Debug|Any CPU
		{D6CA021F-B683-4284-B9D2-9507BADF560F}.Debug|Any CPU.Build.0 = Debug|Any CPU
		{D6CA021F-B683-4284-B9D2-9507BADF560F}.Release|Any CPU.ActiveCfg = Release|Any CPU
		{D6CA021F-B683-4284-B9D2-9507BADF560F}.Release|Any CPU.Build.0 = Release|Any CPU
		{DD6B87DB-B817-4530-898F-EB2FC96C5890}.Debug|Any CPU.ActiveCfg = Debug|Any CPU
		{DD6B87DB-B817-4530-898F-EB2FC96C5890}.Debug|Any CPU.Build.0 = Debug|Any CPU
		{DD6B87DB-B817-4530-898F-EB2FC96C5890}.Release|Any CPU.ActiveCfg = Release|Any CPU
		{DD6B87DB-B817-4530-898F-EB2FC96C5890}.Release|Any CPU.Build.0 = Release|Any CPU
		{285C9973-862A-4BCD-B6E0-18A2D981DD97}.Debug|Any CPU.ActiveCfg = Debug|Any CPU
		{285C9973-862A-4BCD-B6E0-18A2D981DD97}.Debug|Any CPU.Build.0 = Debug|Any CPU
		{285C9973-862A-4BCD-B6E0-18A2D981DD97}.Release|Any CPU.ActiveCfg = Release|Any CPU
		{285C9973-862A-4BCD-B6E0-18A2D981DD97}.Release|Any CPU.Build.0 = Release|Any CPU
	EndGlobalSection
	GlobalSection(SolutionProperties) = preSolution
		HideSolutionNode = FALSE
	EndGlobalSection
	GlobalSection(ExtensibilityGlobals) = postSolution
		SolutionGuid = {45AEE361-A534-4793-B7B4-7F540D312BDB}
	EndGlobalSection
EndGlobal
